# THIS IS AN AUTOGENERATED FILE. DO NOT EDIT THIS FILE DIRECTLY.
# yarn lockfile v1


"@babel/parser@^7.16.4":
  "integrity" "sha512-9JKn5vN+hDt0Hdqn1PiJ2guflwP+B6Ga8qbDuoF0PzzVhrzsKIJo8yGqVk6CmMHiMei9w1C1Bp9IMJSIK+HPIQ=="
  "resolved" "https://registry.npmjs.org/@babel/parser/-/parser-7.18.11.tgz"
  "version" "7.18.11"

"@ctrl/tinycolor@^3.4.1":
  "integrity" "sha512-ej5oVy6lykXsvieQtqZxCOaLT+xD4+QNarq78cIYISHmZXshCvROLudpQN3lfL8G0NL7plMSSK+zlyvCaIJ4Iw=="
  "resolved" "https://registry.npmjs.org/@ctrl/tinycolor/-/tinycolor-3.4.1.tgz"
  "version" "3.4.1"

"@element-plus/icons-vue@^2.0.6", "@element-plus/icons-vue@^2.0.9":
  "integrity" "sha512-okdrwiVeKBmW41Hkl0eMrXDjzJwhQMuKiBOu17rOszqM+LS/yBYpNQNV5Jvoh06Wc+89fMmb/uhzf8NZuDuUaQ=="
  "resolved" "https://registry.npmjs.org/@element-plus/icons-vue/-/icons-vue-2.0.9.tgz"
  "version" "2.0.9"

"@floating-ui/core@^0.7.3":
  "integrity" "sha512-buc8BXHmG9l82+OQXOFU3Kr2XQx9ys01U/Q9HMIrZ300iLc8HLMgh7dcCqgYzAzf4BkoQvDcXf5Y+CuEZ5JBYg=="
  "resolved" "https://registry.npmjs.org/@floating-ui/core/-/core-0.7.3.tgz"
  "version" "0.7.3"

"@floating-ui/dom@^0.5.4":
  "integrity" "sha512-419BMceRLq0RrmTSDxn8hf9R3VCJv2K9PUfugh5JyEFmdjzDo+e8U5EdR8nzKq8Yj1htzLm3b6eQEEam3/rrtg=="
  "resolved" "https://registry.npmjs.org/@floating-ui/dom/-/dom-0.5.4.tgz"
  "version" "0.5.4"
  dependencies:
    "@floating-ui/core" "^0.7.3"

"@popperjs/core@npm:@sxzz/popperjs-es@^2.11.7":
  "integrity" "sha512-Ccy0NlLkzr0Ex2FKvh2X+OyERHXJ88XJ1MXtsI9y9fGexlaXaVTPzBCRBwIxFkORuOb+uBqeu+RqnpgYTEZRUQ=="
  "resolved" "https://registry.npmjs.org/@sxzz/popperjs-es/-/popperjs-es-2.11.7.tgz"
  "version" "2.11.7"

"@tauri-apps/api@^1.0.2":
  "integrity" "sha512-yuNW0oeJ1/ZA7wNF1KgxhHrSu5viPVzY/UgUczzN5ptLM8dH15Juy5rEGkoHfeXGju90Y/l22hi3BtIrp/za+w=="
  "resolved" "https://registry.npmjs.org/@tauri-apps/api/-/api-1.0.2.tgz"
  "version" "1.0.2"

"@tauri-apps/cli-win32-x64-msvc@1.0.5":
  "integrity" "sha512-8iEhVD3X4LZfrlxEPOV+mAj4QrJrEqKTICiJnwmgjvhYQOOsNHzg5kca7pcBbqcgorQOBydLpfGJtxWRusVPaw=="
  "resolved" "https://registry.npmjs.org/@tauri-apps/cli-win32-x64-msvc/-/cli-win32-x64-msvc-1.0.5.tgz"
  "version" "1.0.5"

"@tauri-apps/cli@^1.0.5":
  "integrity" "sha512-vbY+MwK+xN65x0R/o16UQPxBtJl8pmzVzC0TZKokZfmeOkomoqOEOinSwznAMeyR1ZMJW+fXVgJCPvGsRQ0LGg=="
  "resolved" "https://registry.npmjs.org/@tauri-apps/cli/-/cli-1.0.5.tgz"
  "version" "1.0.5"
  optionalDependencies:
    "@tauri-apps/cli-darwin-arm64" "1.0.5"
    "@tauri-apps/cli-darwin-x64" "1.0.5"
    "@tauri-apps/cli-linux-arm-gnueabihf" "1.0.5"
    "@tauri-apps/cli-linux-arm64-gnu" "1.0.5"
    "@tauri-apps/cli-linux-arm64-musl" "1.0.5"
    "@tauri-apps/cli-linux-x64-gnu" "1.0.5"
    "@tauri-apps/cli-linux-x64-musl" "1.0.5"
    "@tauri-apps/cli-win32-ia32-msvc" "1.0.5"
    "@tauri-apps/cli-win32-x64-msvc" "1.0.5"

"@types/lodash-es@*", "@types/lodash-es@^4.17.6":
  "integrity" "sha512-R+zTeVUKDdfoRxpAryaQNRKk3105Rrgx2CFRClIgRGaqDTdjsm8h6IYA8ir584W3ePzkZfst5xIgDwYrlh9HLg=="
  "resolved" "https://registry.npmjs.org/@types/lodash-es/-/lodash-es-4.17.6.tgz"
  "version" "4.17.6"
  dependencies:
    "@types/lodash" "*"

"@types/lodash@*", "@types/lodash@^4.14.182":
  "integrity" "sha512-/THyiqyQAP9AfARo4pF+aCGcyiQ94tX/Is2I7HofNRqoYLgN1PBoOWu2/zTA5zMxzP5EFutMtWtGAFRKUe961Q=="
  "resolved" "https://registry.npmjs.org/@types/lodash/-/lodash-4.14.182.tgz"
  "version" "4.14.182"

"@types/web-bluetooth@^0.0.14":
  "integrity" "sha512-5d2RhCard1nQUC3aHcq/gHzWYO6K0WJmAbjO7mQJgCQKtZpgXxv1rOM6O/dBDhDYYVutk1sciOgNSe+5YyfM8A=="
  "resolved" "https://registry.npmjs.org/@types/web-bluetooth/-/web-bluetooth-0.0.14.tgz"
  "version" "0.0.14"

"@vitejs/plugin-vue@^3.0.3":
  "integrity" "sha512-U4zNBlz9mg+TA+i+5QPc3N5lQvdUXENZLO2h0Wdzp56gI1MWhqJOv+6R+d4kOzoaSSq6TnGPBdZAXKOe4lXy6g=="
  "resolved" "https://registry.npmjs.org/@vitejs/plugin-vue/-/plugin-vue-3.0.3.tgz"
  "version" "3.0.3"

"@volar/code-gen@0.39.5":
  "integrity" "sha512-vQr5VoCH8T2NHmqLc/AA1/4F8l41WB+24+I+VjxBaev/Hmwjye9K0GlmMHAOl84WB3hWGOqpHaPX6JkqzRNjJg=="
  "resolved" "https://registry.npmjs.org/@volar/code-gen/-/code-gen-0.39.5.tgz"
  "version" "0.39.5"
  dependencies:
    "@volar/source-map" "0.39.5"

"@volar/source-map@0.39.5":
  "integrity" "sha512-IVOX+v++Sr5Kok4/cLbDJp2vf1ia1rChpV7adgcnMle6uORBuGFEur234UzamK0iHRCcfFFRz7z+hSPf2CO23Q=="
  "resolved" "https://registry.npmjs.org/@volar/source-map/-/source-map-0.39.5.tgz"
  "version" "0.39.5"

"@volar/typescript-faster@0.39.5":
  "integrity" "sha512-IzLqlxefmKkjNKXC/8aFiqPcTqnj6RG31D2f9cIWxmW9pvUYJxLED+y9phnOxNxq0OmeRtQ3Pfmvu85tUBoZsQ=="
  "resolved" "https://registry.npmjs.org/@volar/typescript-faster/-/typescript-faster-0.39.5.tgz"
  "version" "0.39.5"
  dependencies:
    "semver" "^7.3.7"

"@volar/vue-code-gen@0.39.5":
  "integrity" "sha512-y+QUV9MuuasiIuRoGKQl+gMhDaAX6XNhckAyJCvD1FZ8f2eJuPY2VtoFxmu/Z2bGWBdtUW/g98jaeKJ+j3wwOw=="
  "resolved" "https://registry.npmjs.org/@volar/vue-code-gen/-/vue-code-gen-0.39.5.tgz"
  "version" "0.39.5"
  dependencies:
    "@volar/code-gen" "0.39.5"
    "@volar/source-map" "0.39.5"
    "@vue/compiler-core" "^3.2.37"
    "@vue/compiler-dom" "^3.2.37"
    "@vue/shared" "^3.2.37"

"@volar/vue-language-core@0.39.5":
  "integrity" "sha512-m+e1tYuL/WRPhSeC7hZ0NuSwHsfnnGJVxCBHLaP7jR0f6xcC0DAegP3QF+gfu9ZJFPGznpZYFKadngMjuhQS9Q=="
  "resolved" "https://registry.npmjs.org/@volar/vue-language-core/-/vue-language-core-0.39.5.tgz"
  "version" "0.39.5"
  dependencies:
    "@volar/code-gen" "0.39.5"
    "@volar/source-map" "0.39.5"
    "@volar/vue-code-gen" "0.39.5"
    "@vue/compiler-sfc" "^3.2.37"
    "@vue/reactivity" "^3.2.37"

"@volar/vue-typescript@0.39.5":
  "integrity" "sha512-ckhWD1xOi0OMr702XVkv/Npsb9FKAp5gvhxyLv0QqWekPdSo04t4KrZfwosJLGERIEcyr50SuB7HqBp8ndQmzA=="
  "resolved" "https://registry.npmjs.org/@volar/vue-typescript/-/vue-typescript-0.39.5.tgz"
  "version" "0.39.5"
  dependencies:
    "@volar/code-gen" "0.39.5"
    "@volar/typescript-faster" "0.39.5"
    "@volar/vue-language-core" "0.39.5"

"@vue/compiler-core@^3.2.37", "@vue/compiler-core@3.2.37":
  "integrity" "sha512-81KhEjo7YAOh0vQJoSmAD68wLfYqJvoiD4ulyedzF+OEk/bk6/hx3fTNVfuzugIIaTrOx4PGx6pAiBRe5e9Zmg=="
  "resolved" "https://registry.npmjs.org/@vue/compiler-core/-/compiler-core-3.2.37.tgz"
  "version" "3.2.37"
  dependencies:
    "@babel/parser" "^7.16.4"
    "@vue/shared" "3.2.37"
    "estree-walker" "^2.0.2"
    "source-map" "^0.6.1"

"@vue/compiler-dom@^3.2.37", "@vue/compiler-dom@3.2.37":
  "integrity" "sha512-yxJLH167fucHKxaqXpYk7x8z7mMEnXOw3G2q62FTkmsvNxu4FQSu5+3UMb+L7fjKa26DEzhrmCxAgFLLIzVfqQ=="
  "resolved" "https://registry.npmjs.org/@vue/compiler-dom/-/compiler-dom-3.2.37.tgz"
  "version" "3.2.37"
  dependencies:
    "@vue/compiler-core" "3.2.37"
    "@vue/shared" "3.2.37"

"@vue/compiler-sfc@^3.2.37", "@vue/compiler-sfc@3.2.37":
  "integrity" "sha512-+7i/2+9LYlpqDv+KTtWhOZH+pa8/HnX/905MdVmAcI/mPQOBwkHHIzrsEsucyOIZQYMkXUiTkmZq5am/NyXKkg=="
  "resolved" "https://registry.npmjs.org/@vue/compiler-sfc/-/compiler-sfc-3.2.37.tgz"
  "version" "3.2.37"
  dependencies:
    "@babel/parser" "^7.16.4"
    "@vue/compiler-core" "3.2.37"
    "@vue/compiler-dom" "3.2.37"
    "@vue/compiler-ssr" "3.2.37"
    "@vue/reactivity-transform" "3.2.37"
    "@vue/shared" "3.2.37"
    "estree-walker" "^2.0.2"
    "magic-string" "^0.25.7"
    "postcss" "^8.1.10"
    "source-map" "^0.6.1"

"@vue/compiler-ssr@3.2.37":
  "integrity" "sha512-7mQJD7HdXxQjktmsWp/J67lThEIcxLemz1Vb5I6rYJHR5vI+lON3nPGOH3ubmbvYGt8xEUaAr1j7/tIFWiEOqw=="
  "resolved" "https://registry.npmjs.org/@vue/compiler-ssr/-/compiler-ssr-3.2.37.tgz"
  "version" "3.2.37"
  dependencies:
    "@vue/compiler-dom" "3.2.37"
    "@vue/shared" "3.2.37"

"@vue/reactivity-transform@3.2.37":
  "integrity" "sha512-IWopkKEb+8qpu/1eMKVeXrK0NLw9HicGviJzhJDEyfxTR9e1WtpnnbYkJWurX6WwoFP0sz10xQg8yL8lgskAZg=="
  "resolved" "https://registry.npmjs.org/@vue/reactivity-transform/-/reactivity-transform-3.2.37.tgz"
  "version" "3.2.37"
  dependencies:
    "@babel/parser" "^7.16.4"
    "@vue/compiler-core" "3.2.37"
    "@vue/shared" "3.2.37"
    "estree-walker" "^2.0.2"
    "magic-string" "^0.25.7"

"@vue/reactivity@^3.2.37", "@vue/reactivity@3.2.37":
  "integrity" "sha512-/7WRafBOshOc6m3F7plwzPeCu/RCVv9uMpOwa/5PiY1Zz+WLVRWiy0MYKwmg19KBdGtFWsmZ4cD+LOdVPcs52A=="
  "resolved" "https://registry.npmjs.org/@vue/reactivity/-/reactivity-3.2.37.tgz"
  "version" "3.2.37"
  dependencies:
    "@vue/shared" "3.2.37"

"@vue/runtime-core@3.2.37":
  "integrity" "sha512-JPcd9kFyEdXLl/i0ClS7lwgcs0QpUAWj+SKX2ZC3ANKi1U4DOtiEr6cRqFXsPwY5u1L9fAjkinIdB8Rz3FoYNQ=="
  "resolved" "https://registry.npmjs.org/@vue/runtime-core/-/runtime-core-3.2.37.tgz"
  "version" "3.2.37"
  dependencies:
    "@vue/reactivity" "3.2.37"
    "@vue/shared" "3.2.37"

"@vue/runtime-dom@3.2.37":
  "integrity" "sha512-HimKdh9BepShW6YozwRKAYjYQWg9mQn63RGEiSswMbW+ssIht1MILYlVGkAGGQbkhSh31PCdoUcfiu4apXJoPw=="
  "resolved" "https://registry.npmjs.org/@vue/runtime-dom/-/runtime-dom-3.2.37.tgz"
  "version" "3.2.37"
  dependencies:
    "@vue/runtime-core" "3.2.37"
    "@vue/shared" "3.2.37"
    "csstype" "^2.6.8"

"@vue/server-renderer@3.2.37":
  "integrity" "sha512-kLITEJvaYgZQ2h47hIzPh2K3jG8c1zCVbp/o/bzQOyvzaKiCquKS7AaioPI28GNxIsE/zSx+EwWYsNxDCX95MA=="
  "resolved" "https://registry.npmjs.org/@vue/server-renderer/-/server-renderer-3.2.37.tgz"
  "version" "3.2.37"
  dependencies:
    "@vue/compiler-ssr" "3.2.37"
    "@vue/shared" "3.2.37"

"@vue/shared@^3.2.37", "@vue/shared@3.2.37":
  "integrity" "sha512-4rSJemR2NQIo9Klm1vabqWjD8rs/ZaJSzMxkMNeJS6lHiUjjUeYFbooN19NgFjztubEKh3WlZUeOLVdbbUWHsw=="
  "resolved" "https://registry.npmjs.org/@vue/shared/-/shared-3.2.37.tgz"
  "version" "3.2.37"

"@vueuse/core@^8.7.5":
  "integrity" "sha512-B/Mdj9TK1peFyWaPof+Zf/mP9XuGAngaJZBwPaXBvU3aCTZlx3ltlrFFFyMV4iGBwsjSCeUCgZrtkEj9dS2Y3Q=="
  "resolved" "https://registry.npmjs.org/@vueuse/core/-/core-8.9.4.tgz"
  "version" "8.9.4"
  dependencies:
    "@types/web-bluetooth" "^0.0.14"
    "@vueuse/metadata" "8.9.4"
    "@vueuse/shared" "8.9.4"
    "vue-demi" "*"

"@vueuse/metadata@8.9.4":
  "integrity" "sha512-IwSfzH80bnJMzqhaapqJl9JRIiyQU0zsRGEgnxN6jhq7992cPUJIRfV+JHRIZXjYqbwt07E1gTEp0R0zPJ1aqw=="
  "resolved" "https://registry.npmjs.org/@vueuse/metadata/-/metadata-8.9.4.tgz"
  "version" "8.9.4"

"@vueuse/shared@8.9.4":
  "integrity" "sha512-wt+T30c4K6dGRMVqPddexEVLa28YwxW5OFIPmzUHICjphfAuBFTTdDoyqREZNDOFJZ44ARH1WWQNCUK8koJ+Ag=="
  "resolved" "https://registry.npmjs.org/@vueuse/shared/-/shared-8.9.4.tgz"
  "version" "8.9.4"
  dependencies:
    "vue-demi" "*"

"anymatch@~3.1.2":
  "integrity" "sha512-P43ePfOAIupkguHUycrc4qJ9kz8ZiuOUijaETwX7THt0Y/GNK7v0aa8rY816xWjZ7rJdA5XdMcpVFTKMq+RvWg=="
  "resolved" "https://registry.npmjs.org/anymatch/-/anymatch-3.1.2.tgz"
  "version" "3.1.2"
  dependencies:
    "normalize-path" "^3.0.0"
    "picomatch" "^2.0.4"

"async-validator@^4.2.5":
  "integrity" "sha512-7HhHjtERjqlNbZtqNqy2rckN/SpOOlmDliet+lP7k+eKZEjPk3DgyeU9lIXLdeLz0uBbbVp+9Qdow9wJWgwwfg=="
  "resolved" "https://registry.npmjs.org/async-validator/-/async-validator-4.2.5.tgz"
  "version" "4.2.5"

"binary-extensions@^2.0.0":
  "integrity" "sha512-jDctJ/IVQbZoJykoeHbhXpOlNBqGNcwXJKJog42E5HDPUwQTSdjCHdihjj0DlnheQ7blbT6dHOafNAiS8ooQKA=="
  "resolved" "https://registry.npmjs.org/binary-extensions/-/binary-extensions-2.2.0.tgz"
  "version" "2.2.0"

"braces@~3.0.2":
  "integrity" "sha512-b8um+L1RzM3WDSzvhm6gIz1yfTbBt6YTlcEKAvsmqCZZFw46z626lVj9j1yEPW33H5H+lBQpZMP1k8l+78Ha0A=="
  "resolved" "https://registry.npmjs.org/braces/-/braces-3.0.2.tgz"
  "version" "3.0.2"
  dependencies:
    "fill-range" "^7.0.1"

"chokidar@>=3.0.0 <4.0.0":
  "integrity" "sha512-Dr3sfKRP6oTcjf2JmUmFJfeVMvXBdegxB0iVQ5eb2V10uFJUCAS8OByZdVAyVb8xXNz3GjjTgj9kLWsZTqE6kw=="
  "resolved" "https://registry.npmjs.org/chokidar/-/chokidar-3.5.3.tgz"
  "version" "3.5.3"
  dependencies:
    "anymatch" "~3.1.2"
    "braces" "~3.0.2"
    "glob-parent" "~5.1.2"
    "is-binary-path" "~2.1.0"
    "is-glob" "~4.0.1"
    "normalize-path" "~3.0.0"
    "readdirp" "~3.6.0"
  optionalDependencies:
    "fsevents" "~2.3.2"

"csstype@^2.6.8":
  "integrity" "sha512-/WwNkdXfckNgw6S5R125rrW8ez139lBHWouiBvX8dfMFtcn6V81REDqnH7+CRpRipfYlyU1CmOnOxrmGcFOjeA=="
  "resolved" "https://registry.npmjs.org/csstype/-/csstype-2.6.20.tgz"
  "version" "2.6.20"

"dayjs@^1.11.3":
  "integrity" "sha512-CAdX5Q3YW3Gclyo5Vpqkgpj8fSdLQcRuzfX6mC6Phy0nfJ0eGYOeS7m4mt2plDWLAtA4TqTakvbboHvUxfe4iA=="
  "resolved" "https://registry.npmjs.org/dayjs/-/dayjs-1.11.5.tgz"
  "version" "1.11.5"

"element-plus@^2.2.13":
  "integrity" "sha512-dKQ7BPZC8deUPhv+6s4GgOL0GyGj3KpUarywxm6s1nWnHjH6FqeZlUcxPqBvJd7W/d81POayx3B13GP+rfkG9g=="
  "resolved" "https://registry.npmjs.org/element-plus/-/element-plus-2.2.13.tgz"
  "version" "2.2.13"
  dependencies:
    "@ctrl/tinycolor" "^3.4.1"
    "@element-plus/icons-vue" "^2.0.6"
    "@floating-ui/dom" "^0.5.4"
    "@popperjs/core" "npm:@sxzz/popperjs-es@^2.11.7"
    "@types/lodash" "^4.14.182"
    "@types/lodash-es" "^4.17.6"
    "@vueuse/core" "^8.7.5"
    "async-validator" "^4.2.5"
    "dayjs" "^1.11.3"
    "escape-html" "^1.0.3"
    "lodash" "^4.17.21"
    "lodash-es" "^4.17.21"
    "lodash-unified" "^1.0.2"
    "memoize-one" "^6.0.0"
    "normalize-wheel-es" "^1.2.0"

"esbuild-windows-64@0.14.54":
  "integrity" "sha512-AoHTRBUuYwXtZhjXZbA1pGfTo8cJo3vZIcWGLiUcTNgHpJJMC1rVA44ZereBHMJtotyN71S8Qw0npiCIkW96cQ=="
  "resolved" "https://registry.npmjs.org/esbuild-windows-64/-/esbuild-windows-64-0.14.54.tgz"
  "version" "0.14.54"

"esbuild@^0.14.47":
  "integrity" "sha512-Cy9llcy8DvET5uznocPyqL3BFRrFXSVqbgpMJ9Wz8oVjZlh/zUSNbPRbov0VX7VxN2JH1Oa0uNxZ7eLRb62pJA=="
  "resolved" "https://registry.npmjs.org/esbuild/-/esbuild-0.14.54.tgz"
  "version" "0.14.54"
  optionalDependencies:
    "@esbuild/linux-loong64" "0.14.54"
    "esbuild-android-64" "0.14.54"
    "esbuild-android-arm64" "0.14.54"
    "esbuild-darwin-64" "0.14.54"
    "esbuild-darwin-arm64" "0.14.54"
    "esbuild-freebsd-64" "0.14.54"
    "esbuild-freebsd-arm64" "0.14.54"
    "esbuild-linux-32" "0.14.54"
    "esbuild-linux-64" "0.14.54"
    "esbuild-linux-arm" "0.14.54"
    "esbuild-linux-arm64" "0.14.54"
    "esbuild-linux-mips64le" "0.14.54"
    "esbuild-linux-ppc64le" "0.14.54"
    "esbuild-linux-riscv64" "0.14.54"
    "esbuild-linux-s390x" "0.14.54"
    "esbuild-netbsd-64" "0.14.54"
    "esbuild-openbsd-64" "0.14.54"
    "esbuild-sunos-64" "0.14.54"
    "esbuild-windows-32" "0.14.54"
    "esbuild-windows-64" "0.14.54"
    "esbuild-windows-arm64" "0.14.54"

"escape-html@^1.0.3":
  "integrity" "sha512-NiSupZ4OeuGwr68lGIeym/ksIZMJodUGOSCZ/FSnTxcrekbvqrgdUxlJOMpijaKZVjAJrWrGs/6Jy8OMuyj9ow=="
  "resolved" "https://registry.npmjs.org/escape-html/-/escape-html-1.0.3.tgz"
  "version" "1.0.3"

"estree-walker@^2.0.2":
  "integrity" "sha512-Rfkk/Mp/DL7JVje3u18FxFujQlTNR2q6QfMSMB7AvCBx91NGj/ba3kCfza0f6dVDbw7YlRf/nDrn7pQrCCyQ/w=="
  "resolved" "https://registry.npmjs.org/estree-walker/-/estree-walker-2.0.2.tgz"
  "version" "2.0.2"

"fill-range@^7.0.1":
  "integrity" "sha512-qOo9F+dMUmC2Lcb4BbVvnKJxTPjCm+RRpe4gDuGrzkL7mEVl/djYSu2OdQ2Pa302N4oqkSg9ir6jaLWJ2USVpQ=="
  "resolved" "https://registry.npmjs.org/fill-range/-/fill-range-7.0.1.tgz"
  "version" "7.0.1"
  dependencies:
    "to-regex-range" "^5.0.1"

"function-bind@^1.1.1":
  "integrity" "sha512-yIovAzMX49sF8Yl58fSCWJ5svSLuaibPxXQJFLmBObTuCr0Mf1KiPopGM9NiFjiYBCbfaa2Fh6breQ6ANVTI0A=="
  "resolved" "https://registry.npmjs.org/function-bind/-/function-bind-1.1.1.tgz"
  "version" "1.1.1"

"glob-parent@~5.1.2":
  "integrity" "sha512-AOIgSQCepiJYwP3ARnGx+5VnTu2HBYdzbGP45eLw1vr3zB3vZLeyed1sC9hnbcOc9/SrMyM5RPQrkGz4aS9Zow=="
  "resolved" "https://registry.npmjs.org/glob-parent/-/glob-parent-5.1.2.tgz"
  "version" "5.1.2"
  dependencies:
    "is-glob" "^4.0.1"

"has@^1.0.3":
  "integrity" "sha512-f2dvO0VU6Oej7RkWJGrehjbzMAjFp5/VKPp5tTpWIV4JHHZK1/BxbFRtf/siA2SWTe09caDmVtYYzWEIbBS4zw=="
  "resolved" "https://registry.npmjs.org/has/-/has-1.0.3.tgz"
  "version" "1.0.3"
  dependencies:
    "function-bind" "^1.1.1"

"immutable@^4.0.0":
  "integrity" "sha512-oNkuqVTA8jqG1Q6c+UglTOD1xhC1BtjKI7XkCXRkZHrN5m18/XsnUp8Q89GkQO/z+0WjonSvl0FLhDYftp46nQ=="
  "resolved" "https://registry.npmjs.org/immutable/-/immutable-4.1.0.tgz"
  "version" "4.1.0"

"is-binary-path@~2.1.0":
  "integrity" "sha512-ZMERYes6pDydyuGidse7OsHxtbI7WVeUEozgR/g7rd0xUimYNlvZRE/K2MgZTjWy725IfelLeVcEM97mmtRGXw=="
  "resolved" "https://registry.npmjs.org/is-binary-path/-/is-binary-path-2.1.0.tgz"
  "version" "2.1.0"
  dependencies:
    "binary-extensions" "^2.0.0"

"is-core-module@^2.9.0":
  "integrity" "sha512-Erxj2n/LDAZ7H8WNJXd9tw38GYM3dv8rk8Zcs+jJuxYTW7sozH+SS8NtrSjVL1/vpLvWi1hxy96IzjJ3EHTJJg=="
  "resolved" "https://registry.npmjs.org/is-core-module/-/is-core-module-2.10.0.tgz"
  "version" "2.10.0"
  dependencies:
    "has" "^1.0.3"

"is-extglob@^2.1.1":
  "integrity" "sha512-SbKbANkN603Vi4jEZv49LeVJMn4yGwsbzZworEoyEiutsN3nJYdbO36zfhGJ6QEDpOZIFkDtnq5JRxmvl3jsoQ=="
  "resolved" "https://registry.npmjs.org/is-extglob/-/is-extglob-2.1.1.tgz"
  "version" "2.1.1"

"is-glob@^4.0.1", "is-glob@~4.0.1":
  "integrity" "sha512-xelSayHH36ZgE7ZWhli7pW34hNbNl8Ojv5KVmkJD4hBdD3th8Tfk9vYasLM+mXWOZhFkgZfxhLSnrwRr4elSSg=="
  "resolved" "https://registry.npmjs.org/is-glob/-/is-glob-4.0.3.tgz"
  "version" "4.0.3"
  dependencies:
    "is-extglob" "^2.1.1"

"is-number@^7.0.0":
  "integrity" "sha512-41Cifkg6e8TylSpdtTpeLVMqvSBEVzTttHvERD741+pnZ8ANv0004MRL43QKPDlK9cGvNp6NZWZUBlbGXYxxng=="
  "resolved" "https://registry.npmjs.org/is-number/-/is-number-7.0.0.tgz"
  "version" "7.0.0"

"lodash-es@*", "lodash-es@^4.17.21":
  "integrity" "sha512-mKnC+QJ9pWVzv+C4/U3rRsHapFfHvQFoFB92e52xeyGMcX6/OlIl78je1u8vePzYZSkkogMPJ2yjxxsb89cxyw=="
  "resolved" "https://registry.npmjs.org/lodash-es/-/lodash-es-4.17.21.tgz"
  "version" "4.17.21"

"lodash-unified@^1.0.2":
  "integrity" "sha512-OGbEy+1P+UT26CYi4opY4gebD8cWRDxAT6MAObIVQMiqYdxZr1g3QHWCToVsm31x2NkLS4K3+MC2qInaRMa39g=="
  "resolved" "https://registry.npmjs.org/lodash-unified/-/lodash-unified-1.0.2.tgz"
  "version" "1.0.2"

"lodash@*", "lodash@^4.17.21":
  "integrity" "sha512-v2kDEe57lecTulaDIuNTPy3Ry4gLGJ6Z1O3vE1krgXZNrsQ+LFTGHVxVjcXPs17LhbZVGedAJv8XZ1tvj5FvSg=="
  "resolved" "https://registry.npmjs.org/lodash/-/lodash-4.17.21.tgz"
  "version" "4.17.21"

"lru-cache@^6.0.0":
  "integrity" "sha512-Jo6dJ04CmSjuznwJSS3pUeWmd/H0ffTlkXXgwZi+eq1UCmqQwCh+eLsYOYCwY991i2Fah4h1BEMCx4qThGbsiA=="
  "resolved" "https://registry.npmjs.org/lru-cache/-/lru-cache-6.0.0.tgz"
  "version" "6.0.0"
  dependencies:
    "yallist" "^4.0.0"

"magic-string@^0.25.7":
  "integrity" "sha512-RmF0AsMzgt25qzqqLc1+MbHmhdx0ojF2Fvs4XnOqz2ZOBXzzkEwc/dJQZCYHAn7v1jbVOjAZfK8msRn4BxO4VQ=="
  "resolved" "https://registry.npmjs.org/magic-string/-/magic-string-0.25.9.tgz"
  "version" "0.25.9"
  dependencies:
    "sourcemap-codec" "^1.4.8"

"memoize-one@^6.0.0":
  "integrity" "sha512-rkpe71W0N0c0Xz6QD0eJETuWAJGnJ9afsl1srmwPrI+yBCkge5EycXXbYRyvL29zZVUWQCY7InPRCv3GDXuZNw=="
  "resolved" "https://registry.npmjs.org/memoize-one/-/memoize-one-6.0.0.tgz"
  "version" "6.0.0"

"nanoid@^3.3.4":
  "integrity" "sha512-MqBkQh/OHTS2egovRtLk45wEyNXwF+cokD+1YPf9u5VfJiRdAiRwB2froX5Co9Rh20xs4siNPm8naNotSD6RBw=="
  "resolved" "https://registry.npmjs.org/nanoid/-/nanoid-3.3.4.tgz"
  "version" "3.3.4"

"normalize-path@^3.0.0", "normalize-path@~3.0.0":
  "integrity" "sha512-6eZs5Ls3WtCisHWp9S2GUy8dqkpGi4BVSz3GaqiE6ezub0512ESztXUwUB6C6IKbQkY2Pnb/mD4WYojCRwcwLA=="
  "resolved" "https://registry.npmjs.org/normalize-path/-/normalize-path-3.0.0.tgz"
  "version" "3.0.0"

"normalize-wheel-es@^1.2.0":
  "integrity" "sha512-Wj7+EJQ8mSuXr2iWfnujrimU35R2W4FAErEyTmJoJ7ucwTn2hOUSsRehMb5RSYkxXGTM7Y9QpvPmp++w5ftoJw=="
  "resolved" "https://registry.npmjs.org/normalize-wheel-es/-/normalize-wheel-es-1.2.0.tgz"
  "version" "1.2.0"

"path-parse@^1.0.7":
  "integrity" "sha512-LDJzPVEEEPR+y48z93A0Ed0yXb8pAByGWo/k5YYdYgpY2/2EsOsksJrq7lOHxryrVOn1ejG6oAp8ahvOIQD8sw=="
  "resolved" "https://registry.npmjs.org/path-parse/-/path-parse-1.0.7.tgz"
  "version" "1.0.7"

"picocolors@^1.0.0":
  "integrity" "sha512-1fygroTLlHu66zi26VoTDv8yRgm0Fccecssto+MhsZ0D/DGW2sm8E8AjW7NU5VVTRt5GxbeZ5qBuJr+HyLYkjQ=="
  "resolved" "https://registry.npmjs.org/picocolors/-/picocolors-1.0.0.tgz"
  "version" "1.0.0"

"picomatch@^2.0.4", "picomatch@^2.2.1":
  "integrity" "sha512-JU3teHTNjmE2VCGFzuY8EXzCDVwEqB2a8fsIvwaStHhAWJEeVd1o1QD80CU6+ZdEXXSLbSsuLwJjkCBWqRQUVA=="
  "resolved" "https://registry.npmjs.org/picomatch/-/picomatch-2.3.1.tgz"
  "version" "2.3.1"

"postcss@^8.1.10", "postcss@^8.4.16":
  "integrity" "sha512-ipHE1XBvKzm5xI7hiHCZJCSugxvsdq2mPnsq5+UF+VHCjiBvtDrlxJfMBToWaP9D5XlgNmcFGqoHmUn0EYEaRQ=="
  "resolved" "https://registry.npmjs.org/postcss/-/postcss-8.4.16.tgz"
  "version" "8.4.16"
  dependencies:
    "nanoid" "^3.3.4"
    "picocolors" "^1.0.0"
    "source-map-js" "^1.0.2"

"readdirp@~3.6.0":
  "integrity" "sha512-hOS089on8RduqdbhvQ5Z37A0ESjsqz6qnRcffsMU3495FuTdqSm+7bhJ29JvIOsBDEEnan5DPu9t3To9VRlMzA=="
  "resolved" "https://registry.npmjs.org/readdirp/-/readdirp-3.6.0.tgz"
  "version" "3.6.0"
  dependencies:
    "picomatch" "^2.2.1"

"resolve@^1.22.1":
  "integrity" "sha512-nBpuuYuY5jFsli/JIs1oldw6fOQCBioohqWZg/2hiaOybXOft4lonv85uDOKXdf8rhyK159cxU5cDcK/NKk8zw=="
  "resolved" "https://registry.npmjs.org/resolve/-/resolve-1.22.1.tgz"
  "version" "1.22.1"
  dependencies:
    "is-core-module" "^2.9.0"
    "path-parse" "^1.0.7"
    "supports-preserve-symlinks-flag" "^1.0.0"

"rollup@>=2.75.6 <2.77.0 || ~2.77.0":
  "integrity" "sha512-/qxNTG7FbmefJWoeeYJFbHehJ2HNWnjkAFRKzWN/45eNBBF/r8lo992CwcJXEzyVxs5FmfId+vTSTQDb+bxA+g=="
  "resolved" "https://registry.npmjs.org/rollup/-/rollup-2.77.3.tgz"
  "version" "2.77.3"
  optionalDependencies:
    "fsevents" "~2.3.2"

"sass@*", "sass@^1.54.4":
  "integrity" "sha512-3tmF16yvnBwtlPrNBHw/H907j8MlOX8aTBnlNX1yrKx24RKcJGPyLhFUwkoKBKesR3unP93/2z14Ll8NicwQUA=="
  "resolved" "https://registry.npmjs.org/sass/-/sass-1.54.4.tgz"
  "version" "1.54.4"
  dependencies:
    "chokidar" ">=3.0.0 <4.0.0"
    "immutable" "^4.0.0"
    "source-map-js" ">=0.6.2 <2.0.0"

"semver@^7.3.7":
  "integrity" "sha512-QlYTucUYOews+WeEujDoEGziz4K6c47V/Bd+LjSSYcA94p+DmINdf7ncaUinThfvZyu13lN9OY1XDxt8C0Tw0g=="
  "resolved" "https://registry.npmjs.org/semver/-/semver-7.3.7.tgz"
  "version" "7.3.7"
  dependencies:
    "lru-cache" "^6.0.0"

"source-map-js@^1.0.2", "source-map-js@>=0.6.2 <2.0.0":
  "integrity" "sha512-R0XvVJ9WusLiqTCEiGCmICCMplcCkIwwR11mOSD9CR5u+IXYdiseeEuXCVAjS54zqwkLcPNnmU4OeJ6tUrWhDw=="
  "resolved" "https://registry.npmjs.org/source-map-js/-/source-map-js-1.0.2.tgz"
  "version" "1.0.2"

"source-map@^0.6.1":
  "integrity" "sha512-UjgapumWlbMhkBgzT7Ykc5YXUT46F0iKu8SGXq0bcwP5dz/h0Plj6enJqjz1Zbq2l5WaqYnrVbwWOWMyF3F47g=="
  "resolved" "https://registry.npmjs.org/source-map/-/source-map-0.6.1.tgz"
  "version" "0.6.1"

"sourcemap-codec@^1.4.8":
  "integrity" "sha512-9NykojV5Uih4lgo5So5dtw+f0JgJX30KCNI8gwhz2J9A15wD0Ml6tjHKwf6fTSa6fAdVBdZeNOs9eJ71qCk8vA=="
  "resolved" "https://registry.npmjs.org/sourcemap-codec/-/sourcemap-codec-1.4.8.tgz"
  "version" "1.4.8"

"supports-preserve-symlinks-flag@^1.0.0":
  "integrity" "sha512-ot0WnXS9fgdkgIcePe6RHNk1WA8+muPa6cSjeR3V8K27q9BB1rTE3R1p7Hv0z1ZyAc8s6Vvv8DIyWf681MAt0w=="
  "resolved" "https://registry.npmjs.org/supports-preserve-symlinks-flag/-/supports-preserve-symlinks-flag-1.0.0.tgz"
  "version" "1.0.0"

"to-regex-range@^5.0.1":
  "integrity" "sha512-65P7iz6X5yEr1cwcgvQxbbIw7Uk3gOy5dIdtZ4rDveLqhrdJP+Li/Hx6tyK0NEb+2GCyneCMJiGqrADCSNk8sQ=="
  "resolved" "https://registry.npmjs.org/to-regex-range/-/to-regex-range-5.0.1.tgz"
  "version" "5.0.1"
  dependencies:
    "is-number" "^7.0.0"

"typescript@*", "typescript@^4.6.4":
  "integrity" "sha512-C0WQT0gezHuw6AdY1M2jxUO83Rjf0HP7Sk1DtXj6j1EwkQNZrHAg2XPWlq62oqEhYvONq5pkC2Y9oPljWToLmQ=="
  "resolved" "https://registry.npmjs.org/typescript/-/typescript-4.7.4.tgz"
  "version" "4.7.4"

"vite@^3.0.0", "vite@^3.0.7":
  "integrity" "sha512-dILhvKba1mbP1wCezVQx/qhEK7/+jVn9ciadEcyKMMhZpsuAi/eWZfJRMkmYlkSFG7Qq9NvJbgFq4XOBxugJsA=="
  "resolved" "https://registry.npmjs.org/vite/-/vite-3.0.7.tgz"
  "version" "3.0.7"
  dependencies:
    "esbuild" "^0.14.47"
    "postcss" "^8.4.16"
    "resolve" "^1.22.1"
    "rollup" ">=2.75.6 <2.77.0 || ~2.77.0"
  optionalDependencies:
    "fsevents" "~2.3.2"

"vue-demi@*":
  "integrity" "sha512-hbhlvpx1gFW3TB5HxJ0mNxyA9Jh5iQt409taOs6zkhpvfJ7YzLs1rsLufJmDsjH5PI1cOyfikY1fE/meyHfU5A=="
  "resolved" "https://registry.npmjs.org/vue-demi/-/vue-demi-0.13.7.tgz"
  "version" "0.13.7"

"vue-tsc@^0.39.5":
  "integrity" "sha512-jhTsrKhZkafpIeN4Cbhr1K53hNfa/oesSrlh7hUaeHyCk55VhZT6oJkwJbtqN4MYkWZIwPrm3/xTwsELuf2ocg=="
  "resolved" "https://registry.npmjs.org/vue-tsc/-/vue-tsc-0.39.5.tgz"
  "version" "0.39.5"
  dependencies:
    "@volar/vue-language-core" "0.39.5"
    "@volar/vue-typescript" "0.39.5"

"vue@^2.6.0 || ^3.2.0", "vue@^3.0.0-0 || ^2.6.0", "vue@^3.2.0", "vue@^3.2.25", "vue@^3.2.37", "vue@3.2.37":
  "integrity" "sha512-bOKEZxrm8Eh+fveCqS1/NkG/n6aMidsI6hahas7pa0w/l7jkbssJVsRhVDs07IdDq7h9KHswZOgItnwJAgtVtQ=="
  "resolved" "https://registry.npmjs.org/vue/-/vue-3.2.37.tgz"
  "version" "3.2.37"
  dependencies:
    "@vue/compiler-dom" "3.2.37"
    "@vue/compiler-sfc" "3.2.37"
    "@vue/runtime-dom" "3.2.37"
    "@vue/server-renderer" "3.2.37"
    "@vue/shared" "3.2.37"

"yallist@^4.0.0":
  "integrity" "sha512-3wdGidZyq5PB084XLES5TpOSRA3wjXAlIWMhum2kRcv/41Sn2emQ0dycQW4uZXLejwKvg6EsvbdlVL+FYEct7A=="
  "resolved" "https://registry.npmjs.org/yallist/-/yallist-4.0.0.tgz"
  "version" "4.0.0"
